
Microsoft Visual Studio Solution File, Format Version 12.00
# Visual Studio Version 16
VisualStudioVersion = 16.0.31205.134
MinimumVisualStudioVersion = 10.0.40219.1
Project("{FAE04EC0-301F-11D3-BF4B-00C04F79EFBC}") = "Segundo Parcial", "Segundo Parcial\Segundo Parcial.csproj", "{D5F621A0-36C9-4C2E-A921-D8A5CFDE1673}"
EndProject
Global
	GlobalSection(SolutionConfigurationPlatforms) = preSolution
		Debug|Any CPU = Debug|Any CPU
		Release|Any CPU = Release|Any CPU
	EndGlobalSection
	GlobalSection(ProjectConfigurationPlatforms) = postSolution
		{D5F621A0-36C9-4C2E-A921-D8A5CFDE1673}.Debug|Any CPU.ActiveCfg = Debug|Any CPU
		{D5F621A0-36C9-4C2E-A921-D8A5CFDE1673}.Debug|Any CPU.Build.0 = Debug|Any CPU
		{D5F621A0-36C9-4C2E-A921-D8A5CFDE1673}.Release|Any CPU.ActiveCfg = Release|Any CPU
		{D5F621A0-36C9-4C2E-A921-D8A5CFDE1673}.Release|Any CPU.Build.0 = Release|Any CPU
	EndGlobalSection
	GlobalSection(SolutionProperties) = preSolution
		HideSolutionNode = FALSE
	EndGlobalSection
	GlobalSection(ExtensibilityGlobals) = postSolution
		SolutionGuid = {FBE0A76A-C291-4C15-BDB8-807A523EBA7F}
	EndGlobalSection
EndGlobal
